# THIS IS AN AUTOGENERATED FILE. DO NOT EDIT THIS FILE DIRECTLY.
# yarn lockfile v1


"@microsoft/tsdoc@^0.12.20":
  version "0.12.20"
  resolved "https://registry.yarnpkg.com/@microsoft/tsdoc/-/tsdoc-0.12.20.tgz#4261285f666ee0c0378f810585dd4ec5bbfa8852"
  integrity sha512-/b13m37QZYPV6nCOiqkFyvlQjlTNvAcQpgFZ6ZKIqtStJxNdqVo/frULubxMUMWi6p9Uo5f4BRlguv5ViFcL0A==

typescript@^3.9.7:
  version "3.9.7"
  resolved "https://registry.yarnpkg.com/typescript/-/typescript-3.9.7.tgz#98d600a5ebdc38f40cb277522f12dc800e9e25fa"
  integrity sha512-BLbiRkiBzAwsjut4x/dsibSTB6yWpwT5qWmC2OfuCg3GgVQCSgMs4vEctYPhsaGtd0AeuuHMkjZ2h2WG8MSzRw==
